
Microsoft Visual Studio Solution File, Format Version 12.00
# Visual Studio Version 16
VisualStudioVersion = 16.0.808.7
MinimumVisualStudioVersion = 10.0.40219.1
Project("{9A19103F-16F7-4668-BE54-9A1E7A4F7556}") = "LargePrintPuzzles", "LargePrintPuzzles\LargePrintPuzzles.csproj", "{0E55A54C-D3AC-4966-98EA-F557916F33A2}"
EndProject
Project("{FAE04EC0-301F-11D3-BF4B-00C04F79EFBC}") = "LargePrintPuzzles.macOs", "LargePrintPuzzles.macOs\LargePrintPuzzles.macOs.csproj", "{A566F73D-A31A-4548-A664-9A4D6172C7B8}"
EndProject
Project("{9A19103F-16F7-4668-BE54-9A1E7A4F7556}") = "LargePrintPuzzles.Terminal", "LargePrintPuzzles.Terminal\LargePrintPuzzles.Terminal.csproj", "{383CF806-DA63-4882-B52C-B406C4557E65}"
EndProject
Project("{9A19103F-16F7-4668-BE54-9A1E7A4F7556}") = "CluelessCrosswords", "CluelessCrossword\CluelessCrosswords.csproj", "{99D51DDB-3286-4848-B131-92430BEE63A5}"
EndProject
Project("{9A19103F-16F7-4668-BE54-9A1E7A4F7556}") = "CluelessCrossword.PDF", "CluelessCrossword.PDF\CluelessCrossword.PDF.csproj", "{A7D6A1E1-0485-4E95-A865-EFA79FDD6ADC}"
EndProject
Project("{9A19103F-16F7-4668-BE54-9A1E7A4F7556}") = "LargePrintPuzzles.WPF", "LargePrintPuzzles.WPF\LargePrintPuzzles.WPF.csproj", "{51635563-D44E-4162-8431-40C4B3DFC612}"
EndProject
Project("{9A19103F-16F7-4668-BE54-9A1E7A4F7556}") = "GamesData", "GamesData\GamesData.csproj", "{011235CE-D01C-4842-BDD9-2A240AA0AB82}"
EndProject
Project("{9A19103F-16F7-4668-BE54-9A1E7A4F7556}") = "UnitTests", "UnitTests\UnitTests.csproj", "{D45107B7-8ABA-4654-AEF7-9F48C63BE2DC}"
EndProject
Global
	GlobalSection(SolutionConfigurationPlatforms) = preSolution
		Debug|Any CPU = Debug|Any CPU
		Release|Any CPU = Release|Any CPU
	EndGlobalSection
	GlobalSection(ProjectConfigurationPlatforms) = postSolution
		{0E55A54C-D3AC-4966-98EA-F557916F33A2}.Debug|Any CPU.ActiveCfg = Debug|Any CPU
		{0E55A54C-D3AC-4966-98EA-F557916F33A2}.Debug|Any CPU.Build.0 = Debug|Any CPU
		{0E55A54C-D3AC-4966-98EA-F557916F33A2}.Release|Any CPU.ActiveCfg = Release|Any CPU
		{0E55A54C-D3AC-4966-98EA-F557916F33A2}.Release|Any CPU.Build.0 = Release|Any CPU
		{A566F73D-A31A-4548-A664-9A4D6172C7B8}.Debug|Any CPU.ActiveCfg = Debug|Any CPU
		{A566F73D-A31A-4548-A664-9A4D6172C7B8}.Debug|Any CPU.Build.0 = Debug|Any CPU
		{A566F73D-A31A-4548-A664-9A4D6172C7B8}.Release|Any CPU.ActiveCfg = Release|Any CPU
		{A566F73D-A31A-4548-A664-9A4D6172C7B8}.Release|Any CPU.Build.0 = Release|Any CPU
		{383CF806-DA63-4882-B52C-B406C4557E65}.Debug|Any CPU.ActiveCfg = Debug|Any CPU
		{383CF806-DA63-4882-B52C-B406C4557E65}.Debug|Any CPU.Build.0 = Debug|Any CPU
		{383CF806-DA63-4882-B52C-B406C4557E65}.Release|Any CPU.ActiveCfg = Release|Any CPU
		{383CF806-DA63-4882-B52C-B406C4557E65}.Release|Any CPU.Build.0 = Release|Any CPU
		{99D51DDB-3286-4848-B131-92430BEE63A5}.Debug|Any CPU.ActiveCfg = Debug|Any CPU
		{99D51DDB-3286-4848-B131-92430BEE63A5}.Debug|Any CPU.Build.0 = Debug|Any CPU
		{99D51DDB-3286-4848-B131-92430BEE63A5}.Release|Any CPU.ActiveCfg = Release|Any CPU
		{99D51DDB-3286-4848-B131-92430BEE63A5}.Release|Any CPU.Build.0 = Release|Any CPU
		{A7D6A1E1-0485-4E95-A865-EFA79FDD6ADC}.Debug|Any CPU.ActiveCfg = Debug|Any CPU
		{A7D6A1E1-0485-4E95-A865-EFA79FDD6ADC}.Debug|Any CPU.Build.0 = Debug|Any CPU
		{A7D6A1E1-0485-4E95-A865-EFA79FDD6ADC}.Release|Any CPU.ActiveCfg = Release|Any CPU
		{A7D6A1E1-0485-4E95-A865-EFA79FDD6ADC}.Release|Any CPU.Build.0 = Release|Any CPU
		{51635563-D44E-4162-8431-40C4B3DFC612}.Debug|Any CPU.ActiveCfg = Debug|Any CPU
		{51635563-D44E-4162-8431-40C4B3DFC612}.Debug|Any CPU.Build.0 = Debug|Any CPU
		{51635563-D44E-4162-8431-40C4B3DFC612}.Release|Any CPU.ActiveCfg = Release|Any CPU
		{51635563-D44E-4162-8431-40C4B3DFC612}.Release|Any CPU.Build.0 = Release|Any CPU
		{011235CE-D01C-4842-BDD9-2A240AA0AB82}.Debug|Any CPU.ActiveCfg = Debug|Any CPU
		{011235CE-D01C-4842-BDD9-2A240AA0AB82}.Debug|Any CPU.Build.0 = Debug|Any CPU
		{011235CE-D01C-4842-BDD9-2A240AA0AB82}.Release|Any CPU.ActiveCfg = Release|Any CPU
		{011235CE-D01C-4842-BDD9-2A240AA0AB82}.Release|Any CPU.Build.0 = Release|Any CPU
		{D45107B7-8ABA-4654-AEF7-9F48C63BE2DC}.Debug|Any CPU.ActiveCfg = Debug|Any CPU
		{D45107B7-8ABA-4654-AEF7-9F48C63BE2DC}.Debug|Any CPU.Build.0 = Debug|Any CPU
		{D45107B7-8ABA-4654-AEF7-9F48C63BE2DC}.Release|Any CPU.ActiveCfg = Release|Any CPU
		{D45107B7-8ABA-4654-AEF7-9F48C63BE2DC}.Release|Any CPU.Build.0 = Release|Any CPU
	EndGlobalSection
	GlobalSection(SolutionProperties) = preSolution
		HideSolutionNode = FALSE
	EndGlobalSection
	GlobalSection(ExtensibilityGlobals) = postSolution
		SolutionGuid = {849D2271-46C2-4FFE-B0F3-599DB92E7C48}
	EndGlobalSection
EndGlobal
