
Microsoft Visual Studio Solution File, Format Version 12.00
# Visual Studio Version 16
VisualStudioVersion = 16.0.31005.135
MinimumVisualStudioVersion = 10.0.40219.1
Project("{9A19103F-16F7-4668-BE54-9A1E7A4F7556}") = "LPPuzzles", "LPPuzzles\LPPuzzles.csproj", "{BA1522E2-D3DF-4DFA-A986-6C26C32985C4}"
EndProject
Project("{9A19103F-16F7-4668-BE54-9A1E7A4F7556}") = "WordData", "WordData\WordData.csproj", "{971AE67C-BB7A-4909-AD5C-AED702CF4464}"
EndProject
Project("{9A19103F-16F7-4668-BE54-9A1E7A4F7556}") = "CluelessCrosswords", "CluelessCrosswords\CluelessCrosswords.csproj", "{6D5F0144-C16E-410B-9F74-93DF440C9A51}"
EndProject
Project("{9A19103F-16F7-4668-BE54-9A1E7A4F7556}") = "CluelessCrosswords.PDF", "CluelessCrosswords.PDF\CluelessCrosswords.PDF.csproj", "{FB62564A-AAEF-42EC-8B4C-AC526D23803E}"
EndProject
Project("{9A19103F-16F7-4668-BE54-9A1E7A4F7556}") = "LPPuzzlesWpf", "LPPuzzlesWpf\LPPuzzlesWpf.csproj", "{13152B27-BCB4-4443-A368-858A4B71292C}"
EndProject
Project("{9A19103F-16F7-4668-BE54-9A1E7A4F7556}") = "LPPuzzlesAva", "LPPuzzlesAva\LPPuzzlesAva.csproj", "{666DCADA-B13B-40E3-9227-2B5F796BB149}"
EndProject
Project("{9A19103F-16F7-4668-BE54-9A1E7A4F7556}") = "LPPuzzles.ConsoleApp", "LPPuzzles.ConsoleApp\LPPuzzles.ConsoleApp.csproj", "{8E54AD30-3E7B-43D3-95A2-D61072ADC06C}"
EndProject
Project("{9A19103F-16F7-4668-BE54-9A1E7A4F7556}") = "UnitTests", "UnitTests\UnitTests.csproj", "{AA7A839D-13F1-4A79-8F24-7060BEFD9406}"
EndProject
Global
	GlobalSection(SolutionConfigurationPlatforms) = preSolution
		Debug|Any CPU = Debug|Any CPU
		Release|Any CPU = Release|Any CPU
	EndGlobalSection
	GlobalSection(ProjectConfigurationPlatforms) = postSolution
		{BA1522E2-D3DF-4DFA-A986-6C26C32985C4}.Debug|Any CPU.ActiveCfg = Debug|Any CPU
		{BA1522E2-D3DF-4DFA-A986-6C26C32985C4}.Debug|Any CPU.Build.0 = Debug|Any CPU
		{BA1522E2-D3DF-4DFA-A986-6C26C32985C4}.Release|Any CPU.ActiveCfg = Release|Any CPU
		{BA1522E2-D3DF-4DFA-A986-6C26C32985C4}.Release|Any CPU.Build.0 = Release|Any CPU
		{971AE67C-BB7A-4909-AD5C-AED702CF4464}.Debug|Any CPU.ActiveCfg = Debug|Any CPU
		{971AE67C-BB7A-4909-AD5C-AED702CF4464}.Debug|Any CPU.Build.0 = Debug|Any CPU
		{971AE67C-BB7A-4909-AD5C-AED702CF4464}.Release|Any CPU.ActiveCfg = Release|Any CPU
		{971AE67C-BB7A-4909-AD5C-AED702CF4464}.Release|Any CPU.Build.0 = Release|Any CPU
		{6D5F0144-C16E-410B-9F74-93DF440C9A51}.Debug|Any CPU.ActiveCfg = Debug|Any CPU
		{6D5F0144-C16E-410B-9F74-93DF440C9A51}.Debug|Any CPU.Build.0 = Debug|Any CPU
		{6D5F0144-C16E-410B-9F74-93DF440C9A51}.Release|Any CPU.ActiveCfg = Release|Any CPU
		{6D5F0144-C16E-410B-9F74-93DF440C9A51}.Release|Any CPU.Build.0 = Release|Any CPU
		{FB62564A-AAEF-42EC-8B4C-AC526D23803E}.Debug|Any CPU.ActiveCfg = Debug|Any CPU
		{FB62564A-AAEF-42EC-8B4C-AC526D23803E}.Debug|Any CPU.Build.0 = Debug|Any CPU
		{FB62564A-AAEF-42EC-8B4C-AC526D23803E}.Release|Any CPU.ActiveCfg = Release|Any CPU
		{FB62564A-AAEF-42EC-8B4C-AC526D23803E}.Release|Any CPU.Build.0 = Release|Any CPU
		{13152B27-BCB4-4443-A368-858A4B71292C}.Debug|Any CPU.ActiveCfg = Debug|Any CPU
		{13152B27-BCB4-4443-A368-858A4B71292C}.Debug|Any CPU.Build.0 = Debug|Any CPU
		{13152B27-BCB4-4443-A368-858A4B71292C}.Release|Any CPU.ActiveCfg = Release|Any CPU
		{13152B27-BCB4-4443-A368-858A4B71292C}.Release|Any CPU.Build.0 = Release|Any CPU
		{666DCADA-B13B-40E3-9227-2B5F796BB149}.Debug|Any CPU.ActiveCfg = Debug|Any CPU
		{666DCADA-B13B-40E3-9227-2B5F796BB149}.Debug|Any CPU.Build.0 = Debug|Any CPU
		{666DCADA-B13B-40E3-9227-2B5F796BB149}.Release|Any CPU.ActiveCfg = Release|Any CPU
		{666DCADA-B13B-40E3-9227-2B5F796BB149}.Release|Any CPU.Build.0 = Release|Any CPU
		{8E54AD30-3E7B-43D3-95A2-D61072ADC06C}.Debug|Any CPU.ActiveCfg = Debug|Any CPU
		{8E54AD30-3E7B-43D3-95A2-D61072ADC06C}.Debug|Any CPU.Build.0 = Debug|Any CPU
		{8E54AD30-3E7B-43D3-95A2-D61072ADC06C}.Release|Any CPU.ActiveCfg = Release|Any CPU
		{8E54AD30-3E7B-43D3-95A2-D61072ADC06C}.Release|Any CPU.Build.0 = Release|Any CPU
		{AA7A839D-13F1-4A79-8F24-7060BEFD9406}.Debug|Any CPU.ActiveCfg = Debug|Any CPU
		{AA7A839D-13F1-4A79-8F24-7060BEFD9406}.Debug|Any CPU.Build.0 = Debug|Any CPU
		{AA7A839D-13F1-4A79-8F24-7060BEFD9406}.Release|Any CPU.ActiveCfg = Release|Any CPU
		{AA7A839D-13F1-4A79-8F24-7060BEFD9406}.Release|Any CPU.Build.0 = Release|Any CPU
	EndGlobalSection
	GlobalSection(SolutionProperties) = preSolution
		HideSolutionNode = FALSE
	EndGlobalSection
	GlobalSection(ExtensibilityGlobals) = postSolution
		SolutionGuid = {ABA7527C-BA98-4BDF-BDC4-2FF54903A970}
	EndGlobalSection
EndGlobal
